
Microsoft Visual Studio Solution File, Format Version 12.00
# Visual Studio Version 17
VisualStudioVersion = 17.0.31919.166
MinimumVisualStudioVersion = 10.0.40219.1
Project("{FAE04EC0-301F-11D3-BF4B-00C04F79EFBC}") = "AppSec Assignment", "AppSec Assignment\AppSec Assignment.csproj", "{F48D5CA8-8B87-4DAE-A0F8-763030AA97C5}"
EndProject
Global
	GlobalSection(SolutionConfigurationPlatforms) = preSolution
		Debug|Any CPU = Debug|Any CPU
		Release|Any CPU = Release|Any CPU
	EndGlobalSection
	GlobalSection(ProjectConfigurationPlatforms) = postSolution
		{F48D5CA8-8B87-4DAE-A0F8-763030AA97C5}.Debug|Any CPU.ActiveCfg = Debug|Any CPU
		{F48D5CA8-8B87-4DAE-A0F8-763030AA97C5}.Debug|Any CPU.Build.0 = Debug|Any CPU
		{F48D5CA8-8B87-4DAE-A0F8-763030AA97C5}.Release|Any CPU.ActiveCfg = Release|Any CPU
		{F48D5CA8-8B87-4DAE-A0F8-763030AA97C5}.Release|Any CPU.Build.0 = Release|Any CPU
	EndGlobalSection
	GlobalSection(SolutionProperties) = preSolution
		HideSolutionNode = FALSE
	EndGlobalSection
	GlobalSection(ExtensibilityGlobals) = postSolution
		SolutionGuid = {8CD0F9B3-F208-4A8E-BEDC-E46D497031C9}
	EndGlobalSection
EndGlobal
